{
  "version": 4,
  "terraform_version": "1.5.7",
  "serial": 4,
  "lineage": "124c59bb-1610-2b5b-a5ce-c5894f2e8652",
  "outputs": {
    "next_steps": {
      "value": "    \n✅ Infrastructure files created!\n    \nNext steps:\n1. cd ..\n2. vagrant up\n3. cd ansible\n4. ansible-playbook -i inventory.ini site.yml\n",
      "type": "string"
    }
  },
  "resources": [
    {
      "mode": "managed",
      "type": "local_file",
      "name": "ansible_inventory",
      "provider": "provider[\"registry.terraform.io/hashicorp/local\"]",
      "instances": [
        {
          "schema_version": 0,
          "attributes": {
            "content": "[webservers]\nweb1 ansible_host=192.168.56.10 ansible_user=vagrant ansible_ssh_private_key_file=../.vagrant/machines/web1/virtualbox/private_key\nweb2 ansible_host=192.168.56.11 ansible_user=vagrant ansible_ssh_private_key_file=../.vagrant/machines/web2/virtualbox/private_key\n\n[loadbalancer]\nlb ansible_host=192.168.56.20 ansible_user=vagrant ansible_ssh_private_key_file=../.vagrant/machines/lb/virtualbox/private_key\n\n[all:vars]\nansible_ssh_common_args='-o StrictHostKeyChecking=no'\n",
            "content_base64": null,
            "content_base64sha256": "Dw3JLTaHaXOZe5s4gMe/6k2jm37rQwCzx//aDYd1fU0=",
            "content_base64sha512": "Q0ja3FGs/sXXt9Cof0o4SwY2oit3Cutfmzgx0UvpXo+x0FwqDyBQNzNuG1hx6OwuVpm9t7jLQ5KRxmXj2IiK2w==",
            "content_md5": "b0415826851128d3a3ba42cbdcd31df6",
            "content_sha1": "e1c8130ea100b88349caa90f45ccc73cd35283e9",
            "content_sha256": "0f0dc92d36876973997b9b3880c7bfea4da39b7eeb4300b3c7ffda0d87757d4d",
            "content_sha512": "4348dadc51acfec5d7b7d0a87f4a384b0636a22b770aeb5f9b3831d14be95e8fb1d05c2a0f205037336e1b5871e8ec2e5699bdb7b8cb439291c665e3d8888adb",
            "directory_permission": "0777",
            "file_permission": "0777",
            "filename": "./../ansible/inventory.ini",
            "id": "e1c8130ea100b88349caa90f45ccc73cd35283e9",
            "sensitive_content": null,
            "source": null
          },
          "sensitive_attributes": []
        }
      ]
    },
    {
      "mode": "managed",
      "type": "local_file",
      "name": "vagrantfile",
      "provider": "provider[\"registry.terraform.io/hashicorp/local\"]",
      "instances": [
        {
          "schema_version": 0,
          "attributes": {
            "content": "Vagrant.configure(\"2\") do |config|\n  # Web server 1\n  config.vm.define \"web1\" do |web|\n    web.vm.box = \"ubuntu/focal64\"\n    web.vm.hostname = \"web1\"\n    web.vm.network \"private_network\", ip: \"192.168.56.10\"\n    web.vm.provider \"virtualbox\" do |vb|\n      vb.memory = \"1024\"\n      vb.cpus = 1\n    end\n  end\n\n  # Web server 2\n  config.vm.define \"web2\" do |web|\n    web.vm.box = \"ubuntu/focal64\"\n    web.vm.hostname = \"web2\"\n    web.vm.network \"private_network\", ip: \"192.168.56.11\"\n    web.vm.provider \"virtualbox\" do |vb|\n      vb.memory = \"1024\"\n      vb.cpus = 1\n    end\n  end\n\n  # Load balancer\n  config.vm.define \"lb\" do |lb|\n    lb.vm.box = \"ubuntu/focal64\"\n    lb.vm.hostname = \"loadbalancer\"\n    lb.vm.network \"private_network\", ip: \"192.168.56.20\"\n    lb.vm.network \"forwarded_port\", guest: 80, host: 8080\n    lb.vm.provider \"virtualbox\" do |vb|\n      vb.memory = \"512\"\n      vb.cpus = 1\n    end\n  end\nend\n",
            "content_base64": null,
            "content_base64sha256": "3EVd5OOFXNg0N2Icche5o3z+xkkvLmpgSxZidQcv8gQ=",
            "content_base64sha512": "1SCnav3tYl29uNreToj+GGeO0RUt+c4BHJaQxtbuEX4qJFTXvOBHzZKNNj2U65GPTlIp0OqG25AqpKhCDHl9vw==",
            "content_md5": "20f9059249f84e6a8b943b729372e88c",
            "content_sha1": "b31cd8eb759a0b87283bddaf400999b2aadd4ade",
            "content_sha256": "dc455de4e3855cd83437621c7217b9a37cfec6492f2e6a604b166275072ff204",
            "content_sha512": "d520a76afded625dbdb8dade4e88fe18678ed1152df9ce011c9690c6d6ee117e2a2454d7bce047cd928d363d94eb918f4e5229d0ea86db902aa4a8420c797dbf",
            "directory_permission": "0777",
            "file_permission": "0777",
            "filename": "./../Vagrantfile",
            "id": "b31cd8eb759a0b87283bddaf400999b2aadd4ade",
            "sensitive_content": null,
            "source": null
          },
          "sensitive_attributes": []
        }
      ]
    }
  ],
  "check_results": null
}
